
Microsoft Visual Studio Solution File, Format Version 12.00
# Visual Studio Version 17
VisualStudioVersion = 17.12.35209.166
MinimumVisualStudioVersion = 10.0.40219.1
Project("{FAE04EC0-301F-11D3-BF4B-00C04F79EFBC}") = "Elemendid_vormis_TARpv23", "Elemendid_vormis_TARpv23\Elemendid_vormis_TARpv23.csproj", "{4023F317-0752-47DE-9A0F-9F1324CDAA56}"
EndProject
Global
	GlobalSection(SolutionConfigurationPlatforms) = preSolution
		Debug|Any CPU = Debug|Any CPU
		Release|Any CPU = Release|Any CPU
	EndGlobalSection
	GlobalSection(ProjectConfigurationPlatforms) = postSolution
		{4023F317-0752-47DE-9A0F-9F1324CDAA56}.Debug|Any CPU.ActiveCfg = Debug|Any CPU
		{4023F317-0752-47DE-9A0F-9F1324CDAA56}.Debug|Any CPU.Build.0 = Debug|Any CPU
		{4023F317-0752-47DE-9A0F-9F1324CDAA56}.Release|Any CPU.ActiveCfg = Release|Any CPU
		{4023F317-0752-47DE-9A0F-9F1324CDAA56}.Release|Any CPU.Build.0 = Release|Any CPU
	EndGlobalSection
	GlobalSection(SolutionProperties) = preSolution
		HideSolutionNode = FALSE
	EndGlobalSection
	GlobalSection(ExtensibilityGlobals) = postSolution
		SolutionGuid = {632B7BCE-52D2-4635-AE86-F727F554EC23}
	EndGlobalSection
EndGlobal
